
Microsoft Visual Studio Solution File, Format Version 12.00
# Visual Studio Version 17
VisualStudioVersion = 17.2.32630.192
MinimumVisualStudioVersion = 10.0.40219.1
Project("{FAE04EC0-301F-11D3-BF4B-00C04F79EFBC}") = "GettingStarted", "LearnApp\GettingStarted.csproj", "{93A37FB2-D557-4633-A2B9-7ECAD1FAEFE1}"
EndProject
Project("{9A19103F-16F7-4668-BE54-9A1E7A4F7556}") = "AlfredProject", "AlfredProject\AlfredProject.csproj", "{1311BA63-B320-46B1-AD80-FFD1F34377AD}"
EndProject
Project("{9A19103F-16F7-4668-BE54-9A1E7A4F7556}") = "Snake", "Snake\Snake.csproj", "{0631B85D-3105-49DE-BBF7-DECA71FDED16}"
EndProject
Project("{FAE04EC0-301F-11D3-BF4B-00C04F79EFBC}") = "Methods", "Methods\Methods.csproj", "{0ACC5BF3-B7D1-42C7-ABEB-10E53F85AF10}"
EndProject
Project("{FAE04EC0-301F-11D3-BF4B-00C04F79EFBC}") = "Methods_2", "Methods_2\Methods_2.csproj", "{3B4D7CA6-F15B-48F8-A63F-9125D5086869}"
EndProject
Project("{FAE04EC0-301F-11D3-BF4B-00C04F79EFBC}") = "Params", "Params\Params.csproj", "{771015D8-637A-4720-830A-E657F539CB2F}"
EndProject
Global
	GlobalSection(SolutionConfigurationPlatforms) = preSolution
		Debug|Any CPU = Debug|Any CPU
		Release|Any CPU = Release|Any CPU
	EndGlobalSection
	GlobalSection(ProjectConfigurationPlatforms) = postSolution
		{93A37FB2-D557-4633-A2B9-7ECAD1FAEFE1}.Debug|Any CPU.ActiveCfg = Debug|Any CPU
		{93A37FB2-D557-4633-A2B9-7ECAD1FAEFE1}.Debug|Any CPU.Build.0 = Debug|Any CPU
		{93A37FB2-D557-4633-A2B9-7ECAD1FAEFE1}.Release|Any CPU.ActiveCfg = Release|Any CPU
		{93A37FB2-D557-4633-A2B9-7ECAD1FAEFE1}.Release|Any CPU.Build.0 = Release|Any CPU
		{1311BA63-B320-46B1-AD80-FFD1F34377AD}.Debug|Any CPU.ActiveCfg = Debug|Any CPU
		{1311BA63-B320-46B1-AD80-FFD1F34377AD}.Debug|Any CPU.Build.0 = Debug|Any CPU
		{1311BA63-B320-46B1-AD80-FFD1F34377AD}.Release|Any CPU.ActiveCfg = Release|Any CPU
		{1311BA63-B320-46B1-AD80-FFD1F34377AD}.Release|Any CPU.Build.0 = Release|Any CPU
		{0631B85D-3105-49DE-BBF7-DECA71FDED16}.Debug|Any CPU.ActiveCfg = Debug|Any CPU
		{0631B85D-3105-49DE-BBF7-DECA71FDED16}.Debug|Any CPU.Build.0 = Debug|Any CPU
		{0631B85D-3105-49DE-BBF7-DECA71FDED16}.Release|Any CPU.ActiveCfg = Release|Any CPU
		{0631B85D-3105-49DE-BBF7-DECA71FDED16}.Release|Any CPU.Build.0 = Release|Any CPU
		{0ACC5BF3-B7D1-42C7-ABEB-10E53F85AF10}.Debug|Any CPU.ActiveCfg = Debug|Any CPU
		{0ACC5BF3-B7D1-42C7-ABEB-10E53F85AF10}.Debug|Any CPU.Build.0 = Debug|Any CPU
		{0ACC5BF3-B7D1-42C7-ABEB-10E53F85AF10}.Release|Any CPU.ActiveCfg = Release|Any CPU
		{0ACC5BF3-B7D1-42C7-ABEB-10E53F85AF10}.Release|Any CPU.Build.0 = Release|Any CPU
		{3B4D7CA6-F15B-48F8-A63F-9125D5086869}.Debug|Any CPU.ActiveCfg = Debug|Any CPU
		{3B4D7CA6-F15B-48F8-A63F-9125D5086869}.Debug|Any CPU.Build.0 = Debug|Any CPU
		{3B4D7CA6-F15B-48F8-A63F-9125D5086869}.Release|Any CPU.ActiveCfg = Release|Any CPU
		{3B4D7CA6-F15B-48F8-A63F-9125D5086869}.Release|Any CPU.Build.0 = Release|Any CPU
		{771015D8-637A-4720-830A-E657F539CB2F}.Debug|Any CPU.ActiveCfg = Debug|Any CPU
		{771015D8-637A-4720-830A-E657F539CB2F}.Debug|Any CPU.Build.0 = Debug|Any CPU
		{771015D8-637A-4720-830A-E657F539CB2F}.Release|Any CPU.ActiveCfg = Release|Any CPU
		{771015D8-637A-4720-830A-E657F539CB2F}.Release|Any CPU.Build.0 = Release|Any CPU
	EndGlobalSection
	GlobalSection(SolutionProperties) = preSolution
		HideSolutionNode = FALSE
	EndGlobalSection
	GlobalSection(ExtensibilityGlobals) = postSolution
		SolutionGuid = {B371FB0C-C455-4C73-8F1D-9BF8855ECADD}
	EndGlobalSection
EndGlobal
